// !$*UTF8*$!
{
	archiveVersion = 1;
	classes = {
	};
	objectVersion = 77;
	objects = {

/* Begin PBXBuildFile section */
		18A8172D2E154F3D00F68F9F /* Alamofire in Frameworks */ = {isa = PBXBuildFile; productRef = 18A8172C2E154F3D00F68F9F /* Alamofire */; };
		515C127F2E159D45001BA2E0 /* Then in Frameworks */ = {isa = PBXBuildFile; productRef = 515C127E2E159D45001BA2E0 /* Then */; };
		515C12822E159D77001BA2E0 /* SnapKit in Frameworks */ = {isa = PBXBuildFile; productRef = 515C12812E159D77001BA2E0 /* SnapKit */; };
		51691DED2E5CB059008CCEC6 /* KakaoSDKAuth in Frameworks */ = {isa = PBXBuildFile; productRef = 51691DEC2E5CB059008CCEC6 /* KakaoSDKAuth */; };
		51691DEF2E5CB059008CCEC6 /* KakaoSDKUser in Frameworks */ = {isa = PBXBuildFile; productRef = 51691DEE2E5CB059008CCEC6 /* KakaoSDKUser */; };
		CB5A49882E1EAAD400851C87 /* Kingfisher in Frameworks */ = {isa = PBXBuildFile; productRef = CB5A49872E1EAAD400851C87 /* Kingfisher */; };
		CBB032A72E7925FC00C0855E /* Mixpanel in Frameworks */ = {isa = PBXBuildFile; productRef = CBB032A62E7925FC00C0855E /* Mixpanel */; };
		CBF009C82E1D889D003F9DFE /* Lottie in Frameworks */ = {isa = PBXBuildFile; productRef = CBF009C72E1D889D003F9DFE /* Lottie */; };
/* End PBXBuildFile section */

/* Begin PBXContainerItemProxy section */
		CBC60E452E5CA1900044CA41 /* PBXContainerItemProxy */ = {
			isa = PBXContainerItemProxy;
			containerPortal = CB4180832E0925D2001E7BCB /* Project object */;
			proxyType = 1;
			remoteGlobalIDString = CB41808A2E0925D2001E7BCB;
			remoteInfo = "ByeBoo-iOS";
		};
/* End PBXContainerItemProxy section */

/* Begin PBXFileReference section */
		CB41808B2E0925D2001E7BCB /* ByeBoo-iOS.app */ = {isa = PBXFileReference; explicitFileType = wrapper.application; includeInIndex = 0; path = "ByeBoo-iOS.app"; sourceTree = BUILT_PRODUCTS_DIR; };
		CBC60E412E5CA1900044CA41 /* ByeBooTests.xctest */ = {isa = PBXFileReference; explicitFileType = wrapper.cfbundle; includeInIndex = 0; path = ByeBooTests.xctest; sourceTree = BUILT_PRODUCTS_DIR; };
/* End PBXFileReference section */

/* Begin PBXFileSystemSynchronizedBuildFileExceptionSet section */
		CB41809D2E0925D4001E7BCB /* Exceptions for "ByeBoo-iOS" folder in "ByeBoo-iOS" target */ = {
			isa = PBXFileSystemSynchronizedBuildFileExceptionSet;
			membershipExceptions = (
				Resource/Info.plist,
			);
			target = CB41808A2E0925D2001E7BCB /* ByeBoo-iOS */;
		};
/* End PBXFileSystemSynchronizedBuildFileExceptionSet section */

/* Begin PBXFileSystemSynchronizedRootGroup section */
		CB41808D2E0925D2001E7BCB /* ByeBoo-iOS */ = {
			isa = PBXFileSystemSynchronizedRootGroup;
			exceptions = (
				CB41809D2E0925D4001E7BCB /* Exceptions for "ByeBoo-iOS" folder in "ByeBoo-iOS" target */,
			);
			path = "ByeBoo-iOS";
			sourceTree = "<group>";
		};
		CBC60E422E5CA1900044CA41 /* ByeBooTests */ = {
			isa = PBXFileSystemSynchronizedRootGroup;
			path = ByeBooTests;
			sourceTree = "<group>";
		};
/* End PBXFileSystemSynchronizedRootGroup section */

/* Begin PBXFrameworksBuildPhase section */
		CB4180882E0925D2001E7BCB /* Frameworks */ = {
			isa = PBXFrameworksBuildPhase;
			buildActionMask = 2147483647;
			files = (
				515C127F2E159D45001BA2E0 /* Then in Frameworks */,
				515C12822E159D77001BA2E0 /* SnapKit in Frameworks */,
				18A8172D2E154F3D00F68F9F /* Alamofire in Frameworks */,
				51691DEF2E5CB059008CCEC6 /* KakaoSDKUser in Frameworks */,
				CBF009C82E1D889D003F9DFE /* Lottie in Frameworks */,
				CB5A49882E1EAAD400851C87 /* Kingfisher in Frameworks */,
				CBB032A72E7925FC00C0855E /* Mixpanel in Frameworks */,
				51691DED2E5CB059008CCEC6 /* KakaoSDKAuth in Frameworks */,
			);
			runOnlyForDeploymentPostprocessing = 0;
		};
		CBC60E3E2E5CA1900044CA41 /* Frameworks */ = {
			isa = PBXFrameworksBuildPhase;
			buildActionMask = 2147483647;
			files = (
			);
			runOnlyForDeploymentPostprocessing = 0;
		};
/* End PBXFrameworksBuildPhase section */

/* Begin PBXGroup section */
		CB4180822E0925D2001E7BCB = {
			isa = PBXGroup;
			children = (
				CB41808D2E0925D2001E7BCB /* ByeBoo-iOS */,
				CBC60E422E5CA1900044CA41 /* ByeBooTests */,
				CB41808C2E0925D2001E7BCB /* Products */,
			);
			sourceTree = "<group>";
		};
		CB41808C2E0925D2001E7BCB /* Products */ = {
			isa = PBXGroup;
			children = (
				CB41808B2E0925D2001E7BCB /* ByeBoo-iOS.app */,
				CBC60E412E5CA1900044CA41 /* ByeBooTests.xctest */,
			);
			name = Products;
			sourceTree = "<group>";
		};
/* End PBXGroup section */

/* Begin PBXNativeTarget section */
		CB41808A2E0925D2001E7BCB /* ByeBoo-iOS */ = {
			isa = PBXNativeTarget;
			buildConfigurationList = CB41809E2E0925D4001E7BCB /* Build configuration list for PBXNativeTarget "ByeBoo-iOS" */;
			buildPhases = (
				CB4180872E0925D2001E7BCB /* Sources */,
				CB4180882E0925D2001E7BCB /* Frameworks */,
				CB4180892E0925D2001E7BCB /* Resources */,
			);
			buildRules = (
			);
			dependencies = (
			);
			fileSystemSynchronizedGroups = (
				CB41808D2E0925D2001E7BCB /* ByeBoo-iOS */,
			);
			name = "ByeBoo-iOS";
			packageProductDependencies = (
				515C127E2E159D45001BA2E0 /* Then */,
				515C12812E159D77001BA2E0 /* SnapKit */,
				18A8172C2E154F3D00F68F9F /* Alamofire */,
				CBF009C72E1D889D003F9DFE /* Lottie */,
				CB5A49872E1EAAD400851C87 /* Kingfisher */,
				51691DEC2E5CB059008CCEC6 /* KakaoSDKAuth */,
				51691DEE2E5CB059008CCEC6 /* KakaoSDKUser */,
				CBB032A62E7925FC00C0855E /* Mixpanel */,
			);
			productName = "ByeBoo-iOS";
			productReference = CB41808B2E0925D2001E7BCB /* ByeBoo-iOS.app */;
			productType = "com.apple.product-type.application";
		};
		CBC60E402E5CA1900044CA41 /* ByeBooTests */ = {
			isa = PBXNativeTarget;
			buildConfigurationList = CBC60E492E5CA1900044CA41 /* Build configuration list for PBXNativeTarget "ByeBooTests" */;
			buildPhases = (
				CBC60E3D2E5CA1900044CA41 /* Sources */,
				CBC60E3E2E5CA1900044CA41 /* Frameworks */,
				CBC60E3F2E5CA1900044CA41 /* Resources */,
			);
			buildRules = (
			);
			dependencies = (
				CBC60E462E5CA1900044CA41 /* PBXTargetDependency */,
			);
			fileSystemSynchronizedGroups = (
				CBC60E422E5CA1900044CA41 /* ByeBooTests */,
			);
			name = ByeBooTests;
			packageProductDependencies = (
			);
			productName = ByeBooTests;
			productReference = CBC60E412E5CA1900044CA41 /* ByeBooTests.xctest */;
			productType = "com.apple.product-type.bundle.unit-test";
		};
/* End PBXNativeTarget section */

/* Begin PBXProject section */
		CB4180832E0925D2001E7BCB /* Project object */ = {
			isa = PBXProject;
			attributes = {
				BuildIndependentTargetsInParallel = 1;
				LastSwiftUpdateCheck = 1620;
				LastUpgradeCheck = 1620;
				TargetAttributes = {
					CB41808A2E0925D2001E7BCB = {
						CreatedOnToolsVersion = 16.2;
					};
					CBC60E402E5CA1900044CA41 = {
						CreatedOnToolsVersion = 16.2;
						TestTargetID = CB41808A2E0925D2001E7BCB;
					};
				};
			};
			buildConfigurationList = CB4180862E0925D2001E7BCB /* Build configuration list for PBXProject "ByeBoo-iOS" */;
			developmentRegion = en;
			hasScannedForEncodings = 0;
			knownRegions = (
				en,
				Base,
			);
			mainGroup = CB4180822E0925D2001E7BCB;
			minimizedProjectReferenceProxies = 1;
			packageReferences = (
				515C127D2E159D45001BA2E0 /* XCRemoteSwiftPackageReference "Then" */,
				515C12802E159D77001BA2E0 /* XCRemoteSwiftPackageReference "SnapKit" */,
				18A8172B2E154F3D00F68F9F /* XCRemoteSwiftPackageReference "Alamofire" */,
				CBF009C62E1D889D003F9DFE /* XCRemoteSwiftPackageReference "lottie-ios" */,
				CB5A49862E1EAAD400851C87 /* XCRemoteSwiftPackageReference "Kingfisher" */,
				51691DEB2E5CB059008CCEC6 /* XCRemoteSwiftPackageReference "kakao-ios-sdk" */,
				CBB032A52E7925FC00C0855E /* XCRemoteSwiftPackageReference "mixpanel-swift" */,
			);
			preferredProjectObjectVersion = 77;
			productRefGroup = CB41808C2E0925D2001E7BCB /* Products */;
			projectDirPath = "";
			projectRoot = "";
			targets = (
				CB41808A2E0925D2001E7BCB /* ByeBoo-iOS */,
				CBC60E402E5CA1900044CA41 /* ByeBooTests */,
			);
		};
/* End PBXProject section */

/* Begin PBXResourcesBuildPhase section */
		CB4180892E0925D2001E7BCB /* Resources */ = {
			isa = PBXResourcesBuildPhase;
			buildActionMask = 2147483647;
			files = (
			);
			runOnlyForDeploymentPostprocessing = 0;
		};
		CBC60E3F2E5CA1900044CA41 /* Resources */ = {
			isa = PBXResourcesBuildPhase;
			buildActionMask = 2147483647;
			files = (
			);
			runOnlyForDeploymentPostprocessing = 0;
		};
/* End PBXResourcesBuildPhase section */

/* Begin PBXSourcesBuildPhase section */
		CB4180872E0925D2001E7BCB /* Sources */ = {
			isa = PBXSourcesBuildPhase;
			buildActionMask = 2147483647;
			files = (
			);
			runOnlyForDeploymentPostprocessing = 0;
		};
		CBC60E3D2E5CA1900044CA41 /* Sources */ = {
			isa = PBXSourcesBuildPhase;
			buildActionMask = 2147483647;
			files = (
			);
			runOnlyForDeploymentPostprocessing = 0;
		};
/* End PBXSourcesBuildPhase section */

/* Begin PBXTargetDependency section */
		CBC60E462E5CA1900044CA41 /* PBXTargetDependency */ = {
			isa = PBXTargetDependency;
			target = CB41808A2E0925D2001E7BCB /* ByeBoo-iOS */;
			targetProxy = CBC60E452E5CA1900044CA41 /* PBXContainerItemProxy */;
		};
/* End PBXTargetDependency section */

/* Begin XCBuildConfiguration section */
		CB41809F2E0925D4001E7BCB /* Debug */ = {
			isa = XCBuildConfiguration;
			baseConfigurationReferenceAnchor = CB41808D2E0925D2001E7BCB /* ByeBoo-iOS */;
			baseConfigurationReferenceRelativePath = Data/Config/Config.xcconfig;
			buildSettings = {
				ASSETCATALOG_COMPILER_APPICON_NAME = AppIcon;
				ASSETCATALOG_COMPILER_GLOBAL_ACCENT_COLOR_NAME = AccentColor;
				CODE_SIGN_ENTITLEMENTS = "ByeBoo-iOS/ByeBoo-iOS.entitlements";
				"CODE_SIGN_IDENTITY[sdk=iphoneos*]" = "iPhone Developer";
				CODE_SIGN_STYLE = Manual;
				CURRENT_PROJECT_VERSION = 1;
				DEVELOPMENT_TEAM = "";
				"DEVELOPMENT_TEAM[sdk=iphoneos*]" = Z6682N5G5D;
				GENERATE_INFOPLIST_FILE = YES;
				INFOPLIST_FILE = "ByeBoo-iOS/Resource/Info.plist";
				INFOPLIST_KEY_NSPhotoLibraryUsageDescription = "사진 업로드를 위해 갤러리 접근 권한이 필요합니다. 사진 선택을 위해 [설정]에서 접근 권한을 허용해 주세요.";
				INFOPLIST_KEY_UIApplicationSupportsIndirectInputEvents = YES;
				INFOPLIST_KEY_UILaunchStoryboardName = LaunchScreen;
				INFOPLIST_KEY_UISupportedInterfaceOrientations = UIInterfaceOrientationPortrait;
				INFOPLIST_KEY_UISupportedInterfaceOrientations_iPad = "UIInterfaceOrientationLandscapeLeft UIInterfaceOrientationLandscapeRight UIInterfaceOrientationPortrait UIInterfaceOrientationPortraitUpsideDown";
				IPHONEOS_DEPLOYMENT_TARGET = 16.6;
				LD_RUNPATH_SEARCH_PATHS = (
					"$(inherited)",
					"@executable_path/Frameworks",
				);
				MARKETING_VERSION = 1.0.1;
				PRODUCT_BUNDLE_IDENTIFIER = "com.heartz.ByeBoo-iOS";
				PRODUCT_NAME = "$(TARGET_NAME)";
				PROVISIONING_PROFILE_SPECIFIER = "";
				"PROVISIONING_PROFILE_SPECIFIER[sdk=iphoneos*]" = Debug;
				SUPPORTED_PLATFORMS = "iphoneos iphonesimulator";
				SUPPORTS_MACCATALYST = NO;
				SUPPORTS_MAC_DESIGNED_FOR_IPHONE_IPAD = NO;
				SUPPORTS_XR_DESIGNED_FOR_IPHONE_IPAD = NO;
				SWIFT_EMIT_LOC_STRINGS = YES;
				SWIFT_VERSION = 5.0;
				TARGETED_DEVICE_FAMILY = 1;
			};
			name = Debug;
		};
		CB4180A02E0925D4001E7BCB /* Release */ = {
			isa = XCBuildConfiguration;
			baseConfigurationReferenceAnchor = CB41808D2E0925D2001E7BCB /* ByeBoo-iOS */;
			baseConfigurationReferenceRelativePath = Data/Config/Config.xcconfig;
			buildSettings = {
				ASSETCATALOG_COMPILER_APPICON_NAME = AppIcon;
				ASSETCATALOG_COMPILER_GLOBAL_ACCENT_COLOR_NAME = AccentColor;
				CODE_SIGN_ENTITLEMENTS = "ByeBoo-iOS/ByeBoo-iOS.entitlements";
				"CODE_SIGN_IDENTITY[sdk=iphoneos*]" = "iPhone Distribution";
				CODE_SIGN_STYLE = Manual;
				CURRENT_PROJECT_VERSION = 1;
				DEVELOPMENT_TEAM = "";
				"DEVELOPMENT_TEAM[sdk=iphoneos*]" = Z6682N5G5D;
				GENERATE_INFOPLIST_FILE = YES;
				INFOPLIST_FILE = "ByeBoo-iOS/Resource/Info.plist";
				INFOPLIST_KEY_UIApplicationSupportsIndirectInputEvents = YES;
				INFOPLIST_KEY_UILaunchStoryboardName = LaunchScreen;
				INFOPLIST_KEY_UISupportedInterfaceOrientations = UIInterfaceOrientationPortrait;
				INFOPLIST_KEY_UISupportedInterfaceOrientations_iPad = "UIInterfaceOrientationLandscapeLeft UIInterfaceOrientationLandscapeRight UIInterfaceOrientationPortrait UIInterfaceOrientationPortraitUpsideDown";
				IPHONEOS_DEPLOYMENT_TARGET = 16.6;
				LD_RUNPATH_SEARCH_PATHS = (
					"$(inherited)",
					"@executable_path/Frameworks",
				);
				MARKETING_VERSION = 1.0.1;
				PRODUCT_BUNDLE_IDENTIFIER = "com.heartz.ByeBoo-iOS";
				PRODUCT_NAME = "$(TARGET_NAME)";
				PROVISIONING_PROFILE_SPECIFIER = "";
				"PROVISIONING_PROFILE_SPECIFIER[sdk=iphoneos*]" = Release;
				SUPPORTED_PLATFORMS = "iphoneos iphonesimulator";
				SUPPORTS_MACCATALYST = NO;
				SUPPORTS_MAC_DESIGNED_FOR_IPHONE_IPAD = NO;
				SUPPORTS_XR_DESIGNED_FOR_IPHONE_IPAD = NO;
				SWIFT_EMIT_LOC_STRINGS = YES;
				SWIFT_VERSION = 5.0;
				TARGETED_DEVICE_FAMILY = 1;
			};
			name = Release;
		};
		CB4180A12E0925D4001E7BCB /* Debug */ = {
			isa = XCBuildConfiguration;
			baseConfigurationReferenceAnchor = CB41808D2E0925D2001E7BCB /* ByeBoo-iOS */;
			baseConfigurationReferenceRelativePath = Data/Config/Config.xcconfig;
			buildSettings = {
				ALWAYS_SEARCH_USER_PATHS = NO;
				ASSETCATALOG_COMPILER_GENERATE_SWIFT_ASSET_SYMBOL_EXTENSIONS = YES;
				CLANG_ANALYZER_NONNULL = YES;
				CLANG_ANALYZER_NUMBER_OBJECT_CONVERSION = YES_AGGRESSIVE;
				CLANG_CXX_LANGUAGE_STANDARD = "gnu++20";
				CLANG_ENABLE_MODULES = YES;
				CLANG_ENABLE_OBJC_ARC = YES;
				CLANG_ENABLE_OBJC_WEAK = YES;
				CLANG_WARN_BLOCK_CAPTURE_AUTORELEASING = YES;
				CLANG_WARN_BOOL_CONVERSION = YES;
				CLANG_WARN_COMMA = YES;
				CLANG_WARN_CONSTANT_CONVERSION = YES;
				CLANG_WARN_DEPRECATED_OBJC_IMPLEMENTATIONS = YES;
				CLANG_WARN_DIRECT_OBJC_ISA_USAGE = YES_ERROR;
				CLANG_WARN_DOCUMENTATION_COMMENTS = YES;
				CLANG_WARN_EMPTY_BODY = YES;
				CLANG_WARN_ENUM_CONVERSION = YES;
				CLANG_WARN_INFINITE_RECURSION = YES;
				CLANG_WARN_INT_CONVERSION = YES;
				CLANG_WARN_NON_LITERAL_NULL_CONVERSION = YES;
				CLANG_WARN_OBJC_IMPLICIT_RETAIN_SELF = YES;
				CLANG_WARN_OBJC_LITERAL_CONVERSION = YES;
				CLANG_WARN_OBJC_ROOT_CLASS = YES_ERROR;
				CLANG_WARN_QUOTED_INCLUDE_IN_FRAMEWORK_HEADER = YES;
				CLANG_WARN_RANGE_LOOP_ANALYSIS = YES;
				CLANG_WARN_STRICT_PROTOTYPES = YES;
				CLANG_WARN_SUSPICIOUS_MOVE = YES;
				CLANG_WARN_UNGUARDED_AVAILABILITY = YES_AGGRESSIVE;
				CLANG_WARN_UNREACHABLE_CODE = YES;
				CLANG_WARN__DUPLICATE_METHOD_MATCH = YES;
				COPY_PHASE_STRIP = NO;
				DEBUG_INFORMATION_FORMAT = dwarf;
				ENABLE_STRICT_OBJC_MSGSEND = YES;
				ENABLE_TESTABILITY = YES;
				ENABLE_USER_SCRIPT_SANDBOXING = YES;
				GCC_C_LANGUAGE_STANDARD = gnu17;
				GCC_DYNAMIC_NO_PIC = NO;
				GCC_NO_COMMON_BLOCKS = YES;
				GCC_OPTIMIZATION_LEVEL = 0;
				GCC_PREPROCESSOR_DEFINITIONS = (
					"DEBUG=1",
					"$(inherited)",
				);
				GCC_WARN_64_TO_32_BIT_CONVERSION = YES;
				GCC_WARN_ABOUT_RETURN_TYPE = YES_ERROR;
				GCC_WARN_UNDECLARED_SELECTOR = YES;
				GCC_WARN_UNINITIALIZED_AUTOS = YES_AGGRESSIVE;
				GCC_WARN_UNUSED_FUNCTION = YES;
				GCC_WARN_UNUSED_VARIABLE = YES;
				IPHONEOS_DEPLOYMENT_TARGET = 18.2;
				LOCALIZATION_PREFERS_STRING_CATALOGS = YES;
				MTL_ENABLE_DEBUG_INFO = INCLUDE_SOURCE;
				MTL_FAST_MATH = YES;
				ONLY_ACTIVE_ARCH = YES;
				SDKROOT = "";
				SWIFT_ACTIVE_COMPILATION_CONDITIONS = "DEBUG $(inherited)";
				SWIFT_OPTIMIZATION_LEVEL = "-Onone";
			};
			name = Debug;
		};
		CB4180A22E0925D4001E7BCB /* Release */ = {
			isa = XCBuildConfiguration;
			baseConfigurationReferenceAnchor = CB41808D2E0925D2001E7BCB /* ByeBoo-iOS */;
			baseConfigurationReferenceRelativePath = Data/Config/Config.xcconfig;
			buildSettings = {
				ALWAYS_SEARCH_USER_PATHS = NO;
				ASSETCATALOG_COMPILER_GENERATE_SWIFT_ASSET_SYMBOL_EXTENSIONS = YES;
				CLANG_ANALYZER_NONNULL = YES;
				CLANG_ANALYZER_NUMBER_OBJECT_CONVERSION = YES_AGGRESSIVE;
				CLANG_CXX_LANGUAGE_STANDARD = "gnu++20";
				CLANG_ENABLE_MODULES = YES;
				CLANG_ENABLE_OBJC_ARC = YES;
				CLANG_ENABLE_OBJC_WEAK = YES;
				CLANG_WARN_BLOCK_CAPTURE_AUTORELEASING = YES;
				CLANG_WARN_BOOL_CONVERSION = YES;
				CLANG_WARN_COMMA = YES;
				CLANG_WARN_CONSTANT_CONVERSION = YES;
				CLANG_WARN_DEPRECATED_OBJC_IMPLEMENTATIONS = YES;
				CLANG_WARN_DIRECT_OBJC_ISA_USAGE = YES_ERROR;
				CLANG_WARN_DOCUMENTATION_COMMENTS = YES;
				CLANG_WARN_EMPTY_BODY = YES;
				CLANG_WARN_ENUM_CONVERSION = YES;
				CLANG_WARN_INFINITE_RECURSION = YES;
				CLANG_WARN_INT_CONVERSION = YES;
				CLANG_WARN_NON_LITERAL_NULL_CONVERSION = YES;
				CLANG_WARN_OBJC_IMPLICIT_RETAIN_SELF = YES;
				CLANG_WARN_OBJC_LITERAL_CONVERSION = YES;
				CLANG_WARN_OBJC_ROOT_CLASS = YES_ERROR;
				CLANG_WARN_QUOTED_INCLUDE_IN_FRAMEWORK_HEADER = YES;
				CLANG_WARN_RANGE_LOOP_ANALYSIS = YES;
				CLANG_WARN_STRICT_PROTOTYPES = YES;
				CLANG_WARN_SUSPICIOUS_MOVE = YES;
				CLANG_WARN_UNGUARDED_AVAILABILITY = YES_AGGRESSIVE;
				CLANG_WARN_UNREACHABLE_CODE = YES;
				CLANG_WARN__DUPLICATE_METHOD_MATCH = YES;
				COPY_PHASE_STRIP = NO;
				DEBUG_INFORMATION_FORMAT = "dwarf-with-dsym";
				ENABLE_NS_ASSERTIONS = NO;
				ENABLE_STRICT_OBJC_MSGSEND = YES;
				ENABLE_USER_SCRIPT_SANDBOXING = YES;
				GCC_C_LANGUAGE_STANDARD = gnu17;
				GCC_NO_COMMON_BLOCKS = YES;
				GCC_WARN_64_TO_32_BIT_CONVERSION = YES;
				GCC_WARN_ABOUT_RETURN_TYPE = YES_ERROR;
				GCC_WARN_UNDECLARED_SELECTOR = YES;
				GCC_WARN_UNINITIALIZED_AUTOS = YES_AGGRESSIVE;
				GCC_WARN_UNUSED_FUNCTION = YES;
				GCC_WARN_UNUSED_VARIABLE = YES;
				IPHONEOS_DEPLOYMENT_TARGET = 18.2;
				LOCALIZATION_PREFERS_STRING_CATALOGS = YES;
				MTL_ENABLE_DEBUG_INFO = NO;
				MTL_FAST_MATH = YES;
				ONLY_ACTIVE_ARCH = NO;
				SDKROOT = iphoneos;
				SWIFT_COMPILATION_MODE = wholemodule;
				VALIDATE_PRODUCT = YES;
			};
			name = Release;
		};
		CBC60E472E5CA1900044CA41 /* Debug */ = {
			isa = XCBuildConfiguration;
			buildSettings = {
				BUNDLE_LOADER = "$(TEST_HOST)";
				CODE_SIGN_STYLE = Automatic;
				CURRENT_PROJECT_VERSION = 1;
				GENERATE_INFOPLIST_FILE = YES;
				IPHONEOS_DEPLOYMENT_TARGET = 18.2;
				MACOSX_DEPLOYMENT_TARGET = 15.2;
				MARKETING_VERSION = 1.0;
				PRODUCT_BUNDLE_IDENTIFIER = com.byeboo.ByeBooTests;
				PRODUCT_NAME = "$(TARGET_NAME)";
				SDKROOT = auto;
				SUPPORTED_PLATFORMS = "iphoneos iphonesimulator macosx xros xrsimulator";
				SWIFT_EMIT_LOC_STRINGS = NO;
				SWIFT_VERSION = 5.0;
				TARGETED_DEVICE_FAMILY = "1,2,7";
				TEST_HOST = "$(BUILT_PRODUCTS_DIR)/ByeBoo-iOS.app/$(BUNDLE_EXECUTABLE_FOLDER_PATH)/ByeBoo-iOS";
				XROS_DEPLOYMENT_TARGET = 2.2;
			};
			name = Debug;
		};
		CBC60E482E5CA1900044CA41 /* Release */ = {
			isa = XCBuildConfiguration;
			buildSettings = {
				BUNDLE_LOADER = "$(TEST_HOST)";
				CODE_SIGN_STYLE = Automatic;
				CURRENT_PROJECT_VERSION = 1;
				GENERATE_INFOPLIST_FILE = YES;
				IPHONEOS_DEPLOYMENT_TARGET = 18.2;
				MACOSX_DEPLOYMENT_TARGET = 15.2;
				MARKETING_VERSION = 1.0;
				PRODUCT_BUNDLE_IDENTIFIER = com.byeboo.ByeBooTests;
				PRODUCT_NAME = "$(TARGET_NAME)";
				SDKROOT = auto;
				SUPPORTED_PLATFORMS = "iphoneos iphonesimulator macosx xros xrsimulator";
				SWIFT_EMIT_LOC_STRINGS = NO;
				SWIFT_VERSION = 5.0;
				TARGETED_DEVICE_FAMILY = "1,2,7";
				TEST_HOST = "$(BUILT_PRODUCTS_DIR)/ByeBoo-iOS.app/$(BUNDLE_EXECUTABLE_FOLDER_PATH)/ByeBoo-iOS";
				XROS_DEPLOYMENT_TARGET = 2.2;
			};
			name = Release;
		};
/* End XCBuildConfiguration section */

/* Begin XCConfigurationList section */
		CB4180862E0925D2001E7BCB /* Build configuration list for PBXProject "ByeBoo-iOS" */ = {
			isa = XCConfigurationList;
			buildConfigurations = (
				CB4180A12E0925D4001E7BCB /* Debug */,
				CB4180A22E0925D4001E7BCB /* Release */,
			);
			defaultConfigurationIsVisible = 0;
			defaultConfigurationName = Release;
		};
		CB41809E2E0925D4001E7BCB /* Build configuration list for PBXNativeTarget "ByeBoo-iOS" */ = {
			isa = XCConfigurationList;
			buildConfigurations = (
				CB41809F2E0925D4001E7BCB /* Debug */,
				CB4180A02E0925D4001E7BCB /* Release */,
			);
			defaultConfigurationIsVisible = 0;
			defaultConfigurationName = Release;
		};
		CBC60E492E5CA1900044CA41 /* Build configuration list for PBXNativeTarget "ByeBooTests" */ = {
			isa = XCConfigurationList;
			buildConfigurations = (
				CBC60E472E5CA1900044CA41 /* Debug */,
				CBC60E482E5CA1900044CA41 /* Release */,
			);
			defaultConfigurationIsVisible = 0;
			defaultConfigurationName = Release;
		};
/* End XCConfigurationList section */

/* Begin XCRemoteSwiftPackageReference section */
		18A8172B2E154F3D00F68F9F /* XCRemoteSwiftPackageReference "Alamofire" */ = {
			isa = XCRemoteSwiftPackageReference;
			repositoryURL = "https://github.com/Alamofire/Alamofire.git";
			requirement = {
				kind = upToNextMajorVersion;
				minimumVersion = 5.10.2;
			};
		};
		515C127D2E159D45001BA2E0 /* XCRemoteSwiftPackageReference "Then" */ = {
			isa = XCRemoteSwiftPackageReference;
			repositoryURL = "https://github.com/devxoul/Then.git";
			requirement = {
				kind = upToNextMajorVersion;
				minimumVersion = 3.0.0;
			};
		};
		515C12802E159D77001BA2E0 /* XCRemoteSwiftPackageReference "SnapKit" */ = {
			isa = XCRemoteSwiftPackageReference;
			repositoryURL = "https://github.com/SnapKit/SnapKit.git";
			requirement = {
				kind = upToNextMajorVersion;
				minimumVersion = 5.7.1;
			};
		};
		51691DEB2E5CB059008CCEC6 /* XCRemoteSwiftPackageReference "kakao-ios-sdk" */ = {
			isa = XCRemoteSwiftPackageReference;
			repositoryURL = "https://github.com/kakao/kakao-ios-sdk";
			requirement = {
				kind = upToNextMajorVersion;
				minimumVersion = 2.24.6;
			};
		};
		CB5A49862E1EAAD400851C87 /* XCRemoteSwiftPackageReference "Kingfisher" */ = {
			isa = XCRemoteSwiftPackageReference;
			repositoryURL = "https://github.com/onevcat/Kingfisher";
			requirement = {
				kind = upToNextMajorVersion;
				minimumVersion = 8.4.0;
			};
		};
		CBB032A52E7925FC00C0855E /* XCRemoteSwiftPackageReference "mixpanel-swift" */ = {
			isa = XCRemoteSwiftPackageReference;
			repositoryURL = "https://github.com/mixpanel/mixpanel-swift";
			requirement = {
				branch = master;
				kind = branch;
			};
		};
		CBF009C62E1D889D003F9DFE /* XCRemoteSwiftPackageReference "lottie-ios" */ = {
			isa = XCRemoteSwiftPackageReference;
			repositoryURL = "https://github.com/airbnb/lottie-ios";
			requirement = {
				kind = upToNextMajorVersion;
				minimumVersion = 4.5.2;
			};
		};
/* End XCRemoteSwiftPackageReference section */

/* Begin XCSwiftPackageProductDependency section */
		18A8172C2E154F3D00F68F9F /* Alamofire */ = {
			isa = XCSwiftPackageProductDependency;
			package = 18A8172B2E154F3D00F68F9F /* XCRemoteSwiftPackageReference "Alamofire" */;
			productName = Alamofire;
		};
		515C127E2E159D45001BA2E0 /* Then */ = {
			isa = XCSwiftPackageProductDependency;
			package = 515C127D2E159D45001BA2E0 /* XCRemoteSwiftPackageReference "Then" */;
			productName = Then;
		};
		515C12812E159D77001BA2E0 /* SnapKit */ = {
			isa = XCSwiftPackageProductDependency;
			package = 515C12802E159D77001BA2E0 /* XCRemoteSwiftPackageReference "SnapKit" */;
			productName = SnapKit;
		};
		51691DEC2E5CB059008CCEC6 /* KakaoSDKAuth */ = {
			isa = XCSwiftPackageProductDependency;
			package = 51691DEB2E5CB059008CCEC6 /* XCRemoteSwiftPackageReference "kakao-ios-sdk" */;
			productName = KakaoSDKAuth;
		};
		51691DEE2E5CB059008CCEC6 /* KakaoSDKUser */ = {
			isa = XCSwiftPackageProductDependency;
			package = 51691DEB2E5CB059008CCEC6 /* XCRemoteSwiftPackageReference "kakao-ios-sdk" */;
			productName = KakaoSDKUser;
		};
		CB5A49872E1EAAD400851C87 /* Kingfisher */ = {
			isa = XCSwiftPackageProductDependency;
			package = CB5A49862E1EAAD400851C87 /* XCRemoteSwiftPackageReference "Kingfisher" */;
			productName = Kingfisher;
		};
		CBB032A62E7925FC00C0855E /* Mixpanel */ = {
			isa = XCSwiftPackageProductDependency;
			package = CBB032A52E7925FC00C0855E /* XCRemoteSwiftPackageReference "mixpanel-swift" */;
			productName = Mixpanel;
		};
		CBF009C72E1D889D003F9DFE /* Lottie */ = {
			isa = XCSwiftPackageProductDependency;
			package = CBF009C62E1D889D003F9DFE /* XCRemoteSwiftPackageReference "lottie-ios" */;
			productName = Lottie;
		};
/* End XCSwiftPackageProductDependency section */
	};
	rootObject = CB4180832E0925D2001E7BCB /* Project object */;
}
